{
    "name": "bosque-stack",
    "version": "0.9.4-Palaeocene",
    "lockfileVersion": 2,
    "requires": true,
    "packages": {
        "": {
            "name": "bosque-stack",
            "version": "0.9.4-Palaeocene",
            "license": "MIT",
            "dependencies": {
                "@types/node": "~16.0.3",
                "refa": "0.10.0",
                "typescript": "~4.8.2"
            },
            "bin": {
                "bosque": "impl/bin/cmd/bosque.js"
            },
            "devDependencies": {
                "decimal.js": "10.4.2",
                "fraction.js": "4.2.0"
            },
            "engines": {
                "node": ">=16.0"
            }
        },
        "node_modules/@types/node": {
            "version": "16.0.3",
            "resolved": "https://registry.npmjs.org/@types/node/-/node-16.0.3.tgz",
            "integrity": "sha512-QhhSbE1wJMbh+lDsb9G6UFmyojhEgoO7dFVDBkli80sp3sPFojGh6TJXsht9Qbe2VWi91pbj08+1Kvue61RwsQ=="
        },
        "node_modules/decimal.js": {
            "version": "10.4.2",
            "resolved": "https://registry.npmjs.org/decimal.js/-/decimal.js-10.4.2.tgz",
            "integrity": "sha512-ic1yEvwT6GuvaYwBLLY6/aFFgjZdySKTE8en/fkU3QICTmRtgtSlFn0u0BXN06InZwtfCelR7j8LRiDI/02iGA==",
            "dev": true
        },
        "node_modules/fraction.js": {
            "version": "4.2.0",
            "resolved": "https://registry.npmjs.org/fraction.js/-/fraction.js-4.2.0.tgz",
            "integrity": "sha512-MhLuK+2gUcnZe8ZHlaaINnQLl0xRIGRfcGk2yl8xoQAfHrSsL3rYu6FCmBdkdbhc9EPlwyGHewaRsvwRMJtAlA==",
            "dev": true,
            "engines": {
                "node": "*"
            },
            "funding": {
                "type": "patreon",
                "url": "https://www.patreon.com/infusion"
            }
        },
        "node_modules/refa": {
            "version": "0.10.0",
            "resolved": "https://registry.npmjs.org/refa/-/refa-0.10.0.tgz",
            "integrity": "sha512-G/s5+/q4qr2Qwve5MbweLNPZx9AgQh7tMTrjPKjOHShUzNNCMPU11KQbWY7ucnY3BgmYvtK0QG7AL2kavDoeLA==",
            "dependencies": {
                "regexpp": "^3.2.0"
            }
        },
        "node_modules/regexpp": {
            "version": "3.2.0",
            "resolved": "https://registry.npmjs.org/regexpp/-/regexpp-3.2.0.tgz",
            "integrity": "sha512-pq2bWo9mVD43nbts2wGv17XLiNLya+GklZ8kaDLV2Z08gDCsGpnKn9BFMepvWuHCbyVvY7J5o5+BVvoQbmlJLg==",
            "engines": {
                "node": ">=8"
            },
            "funding": {
                "url": "https://github.com/sponsors/mysticatea"
            }
        },
        "node_modules/typescript": {
            "version": "4.8.4",
            "resolved": "https://registry.npmjs.org/typescript/-/typescript-4.8.4.tgz",
            "integrity": "sha512-QCh+85mCy+h0IGff8r5XWzOVSbBO+KfeYrMQh7NJ58QujwcE22u+NUSmUxqF+un70P9GXKxa2HCNiTTMJknyjQ==",
            "bin": {
                "tsc": "bin/tsc",
                "tsserver": "bin/tsserver"
            },
            "engines": {
                "node": ">=4.2.0"
            }
        }
    },
    "dependencies": {
        "@types/node": {
            "version": "16.0.3",
            "resolved": "https://registry.npmjs.org/@types/node/-/node-16.0.3.tgz",
            "integrity": "sha512-QhhSbE1wJMbh+lDsb9G6UFmyojhEgoO7dFVDBkli80sp3sPFojGh6TJXsht9Qbe2VWi91pbj08+1Kvue61RwsQ=="
        },
        "decimal.js": {
            "version": "10.4.2",
            "resolved": "https://registry.npmjs.org/decimal.js/-/decimal.js-10.4.2.tgz",
            "integrity": "sha512-ic1yEvwT6GuvaYwBLLY6/aFFgjZdySKTE8en/fkU3QICTmRtgtSlFn0u0BXN06InZwtfCelR7j8LRiDI/02iGA==",
            "dev": true
        },
        "fraction.js": {
            "version": "4.2.0",
            "resolved": "https://registry.npmjs.org/fraction.js/-/fraction.js-4.2.0.tgz",
            "integrity": "sha512-MhLuK+2gUcnZe8ZHlaaINnQLl0xRIGRfcGk2yl8xoQAfHrSsL3rYu6FCmBdkdbhc9EPlwyGHewaRsvwRMJtAlA==",
            "dev": true
        },
        "refa": {
            "version": "0.10.0",
            "resolved": "https://registry.npmjs.org/refa/-/refa-0.10.0.tgz",
            "integrity": "sha512-G/s5+/q4qr2Qwve5MbweLNPZx9AgQh7tMTrjPKjOHShUzNNCMPU11KQbWY7ucnY3BgmYvtK0QG7AL2kavDoeLA==",
            "requires": {
                "regexpp": "^3.2.0"
            }
        },
        "regexpp": {
            "version": "3.2.0",
            "resolved": "https://registry.npmjs.org/regexpp/-/regexpp-3.2.0.tgz",
            "integrity": "sha512-pq2bWo9mVD43nbts2wGv17XLiNLya+GklZ8kaDLV2Z08gDCsGpnKn9BFMepvWuHCbyVvY7J5o5+BVvoQbmlJLg=="
        },
        "typescript": {
            "version": "4.8.4",
            "resolved": "https://registry.npmjs.org/typescript/-/typescript-4.8.4.tgz",
            "integrity": "sha512-QCh+85mCy+h0IGff8r5XWzOVSbBO+KfeYrMQh7NJ58QujwcE22u+NUSmUxqF+un70P9GXKxa2HCNiTTMJknyjQ=="
        }
    }
}
