{
    "name": "@bosque/core",
    "version": "1.0.0-dev",
    "lockfileVersion": 3,
    "requires": true,
    "packages": {
        "": {
            "name": "@bosque/core",
            "version": "1.0.0-dev",
            "license": "MIT",
            "dependencies": {
                "@bosque/jsbrex": "0.11.0",
                "@types/node": "22.7.1"
            },
            "bin": {
                "bosque": "bin/cmd/bosque.js"
            },
            "devDependencies": {
                "typescript": "5.6.2"
            },
            "engines": {
                "node": ">=22.9.0"
            }
        },
        "node_modules/@bosque/jsbrex": {
            "version": "0.11.0",
            "resolved": "https://registry.npmjs.org/@bosque/jsbrex/-/jsbrex-0.11.0.tgz",
            "integrity": "sha512-wPvXGXUsqp5c2o8pY1gazCuY5cImRobLo+2PxOqLxyk0/EC8v4GBP/feJDQrriu8x8w6/oM16M0flDInZkbKmA==",
            "hasInstallScript": true,
            "license": "MIT",
            "dependencies": {
                "node-addon-api": "8.0.0"
            }
        },
        "node_modules/@types/node": {
            "version": "22.7.1",
            "resolved": "https://registry.npmjs.org/@types/node/-/node-22.7.1.tgz",
            "integrity": "sha512-adOMRLVmleuWs/5V/w5/l7o0chDK/az+5ncCsIapTKogsu/3MVWvSgP58qVTXi5IwpfGt8pMobNq9rOWtJyu5Q==",
            "license": "MIT",
            "dependencies": {
                "undici-types": "~6.19.2"
            }
        },
        "node_modules/node-addon-api": {
            "version": "8.0.0",
            "resolved": "https://registry.npmjs.org/node-addon-api/-/node-addon-api-8.0.0.tgz",
            "integrity": "sha512-ipO7rsHEBqa9STO5C5T10fj732ml+5kLN1cAG8/jdHd56ldQeGj3Q7+scUS+VHK/qy1zLEwC4wMK5+yM0btPvw==",
            "license": "MIT",
            "engines": {
                "node": "^18 || ^20 || >= 21"
            }
        },
        "node_modules/typescript": {
            "version": "5.6.2",
            "resolved": "https://registry.npmjs.org/typescript/-/typescript-5.6.2.tgz",
            "integrity": "sha512-NW8ByodCSNCwZeghjN3o+JX5OFH0Ojg6sadjEKY4huZ52TqbJTJnDo5+Tw98lSy63NZvi4n+ez5m2u5d4PkZyw==",
            "dev": true,
            "license": "Apache-2.0",
            "bin": {
                "tsc": "bin/tsc",
                "tsserver": "bin/tsserver"
            },
            "engines": {
                "node": ">=14.17"
            }
        },
        "node_modules/undici-types": {
            "version": "6.19.8",
            "resolved": "https://registry.npmjs.org/undici-types/-/undici-types-6.19.8.tgz",
            "integrity": "sha512-ve2KP6f/JnbPBFyobGHuerC9g1FYGn/F8n1LWTwNxCEzd6IfqTwUQcNXgEtmmQ6DlRrC1hrSrBnCZPokRrDHjw==",
            "license": "MIT"
        }
    }
}
