{
    "name": "@bosque/core",
    "version": "1.0.0-dev",
    "lockfileVersion": 3,
    "requires": true,
    "packages": {
        "": {
            "name": "@bosque/core",
            "version": "1.0.0-dev",
            "license": "MIT",
            "dependencies": {
                "@bosque/jsbrex": "0.1.0",
                "@types/node": "20.10.0"
            },
            "bin": {
                "bosque": "bin/cmd/bosque.js"
            },
            "devDependencies": {
                "fs-extra": "11.2.0"
            },
            "engines": {
                "node": ">=20.10.0",
                "typescript": ">=5.3.0"
            }
        },
        "node_modules/@bosque/jsbrex": {
            "version": "0.1.0",
            "resolved": "https://registry.npmjs.org/@bosque/jsbrex/-/jsbrex-0.1.0.tgz",
            "integrity": "sha512-nzX29flRZ6XfT3pvgRuhobWUcWaKUIPKIj6gph/OOGCnQ8f6KMEITzlVd1fxgF6AI8DQyjmmCaJMoVIYnb3SGA==",
            "hasInstallScript": true,
            "dependencies": {
                "node-addon-api": "8.0.0"
            }
        },
        "node_modules/@types/node": {
            "version": "20.10.0",
            "resolved": "https://registry.npmjs.org/@types/node/-/node-20.10.0.tgz",
            "integrity": "sha512-D0WfRmU9TQ8I9PFx9Yc+EBHw+vSpIub4IDvQivcp26PtPrdMGAq5SDcpXEo/epqa/DXotVpekHiLNTg3iaKXBQ==",
            "dependencies": {
                "undici-types": "~5.26.4"
            }
        },
        "node_modules/fs-extra": {
            "version": "11.2.0",
            "resolved": "https://registry.npmjs.org/fs-extra/-/fs-extra-11.2.0.tgz",
            "integrity": "sha512-PmDi3uwK5nFuXh7XDTlVnS17xJS7vW36is2+w3xcv8SVxiB4NyATf4ctkVY5bkSjX0Y4nbvZCq1/EjtEyr9ktw==",
            "dev": true,
            "dependencies": {
                "graceful-fs": "^4.2.0",
                "jsonfile": "^6.0.1",
                "universalify": "^2.0.0"
            },
            "engines": {
                "node": ">=14.14"
            }
        },
        "node_modules/graceful-fs": {
            "version": "4.2.11",
            "resolved": "https://registry.npmjs.org/graceful-fs/-/graceful-fs-4.2.11.tgz",
            "integrity": "sha512-RbJ5/jmFcNNCcDV5o9eTnBLJ/HszWV0P73bc+Ff4nS/rJj+YaS6IGyiOL0VoBYX+l1Wrl3k63h/KrH+nhJ0XvQ==",
            "dev": true
        },
        "node_modules/jsonfile": {
            "version": "6.1.0",
            "resolved": "https://registry.npmjs.org/jsonfile/-/jsonfile-6.1.0.tgz",
            "integrity": "sha512-5dgndWOriYSm5cnYaJNhalLNDKOqFwyDB/rr1E9ZsGciGvKPs8R2xYGCacuf3z6K1YKDz182fd+fY3cn3pMqXQ==",
            "dev": true,
            "dependencies": {
                "universalify": "^2.0.0"
            },
            "optionalDependencies": {
                "graceful-fs": "^4.1.6"
            }
        },
        "node_modules/node-addon-api": {
            "version": "8.0.0",
            "resolved": "https://registry.npmjs.org/node-addon-api/-/node-addon-api-8.0.0.tgz",
            "integrity": "sha512-ipO7rsHEBqa9STO5C5T10fj732ml+5kLN1cAG8/jdHd56ldQeGj3Q7+scUS+VHK/qy1zLEwC4wMK5+yM0btPvw==",
            "engines": {
                "node": "^18 || ^20 || >= 21"
            }
        },
        "node_modules/undici-types": {
            "version": "5.26.5",
            "resolved": "https://registry.npmjs.org/undici-types/-/undici-types-5.26.5.tgz",
            "integrity": "sha512-JlCMO+ehdEIKqlFxk6IfVoAUVmgz7cU7zD/h9XZ0qzeosSHmUJVOzSQvvYSYWXkFXC+IfLKSIffhv0sVZup6pA=="
        },
        "node_modules/universalify": {
            "version": "2.0.1",
            "resolved": "https://registry.npmjs.org/universalify/-/universalify-2.0.1.tgz",
            "integrity": "sha512-gptHNQghINnc/vTGIk0SOFGFNXw7JVrlRUtConJRlvaw6DuX0wO5Jeko9sWrMBhh+PsYAZ7oXAiOnf/UKogyiw==",
            "dev": true,
            "engines": {
                "node": ">= 10.0.0"
            }
        }
    }
}
